{
  "name": "typescript-west-world",
  "version": "1.0.0",
  "lockfileVersion": 1,
  "requires": true,
  "dependencies": {
    "@types/node": {
      "version": "12.12.8",
      "resolved": "https://registry.npm.taobao.org/@types/node/download/@types/node-12.12.8.tgz?cache=0&sync_timestamp=1573848614685&other_urls=https%3A%2F%2Fregistry.npm.taobao.org%2F%40types%2Fnode%2Fdownload%2F%40types%2Fnode-12.12.8.tgz",
      "integrity": "sha1-2rQYZVrznOL6mShqC+0h74ByrJ0=",
      "dev": true
    }
  }
}
